
Microsoft Visual Studio Solution File, Format Version 12.00
# Visual Studio 15
VisualStudioVersion = 15.0.27130.2010
MinimumVisualStudioVersion = 10.0.40219.1
Project("{FAE04EC0-301F-11D3-BF4B-00C04F79EFBC}") = "AudioExtractor", "AudioExtractor\AudioExtractor.csproj", "{26878A53-F34F-49B4-8A7E-A645A54EAE0C}"
EndProject
Project("{FAE04EC0-301F-11D3-BF4B-00C04F79EFBC}") = "AudioExtractor.Core", "AudioExtractor.Core\AudioExtractor.Core.csproj", "{ABBA39FE-AAE2-4477-B273-4C586C8924CF}"
EndProject
Project("{FAE04EC0-301F-11D3-BF4B-00C04F79EFBC}") = "AudioExtractor.Cli", "AudioExtractor.Cli\AudioExtractor.Cli.csproj", "{6C7B585B-49BF-4263-AEDD-31FF9AF3FCCE}"
EndProject
Project("{FAE04EC0-301F-11D3-BF4B-00C04F79EFBC}") = "AudioExtractor.Tests", "AudioExtractor.Tests\AudioExtractor.Tests.csproj", "{B4E00904-70DE-4919-B611-38ECF0A6E45C}"
EndProject
Global
	GlobalSection(SolutionConfigurationPlatforms) = preSolution
		Debug|Any CPU = Debug|Any CPU
		Debug|x64 = Debug|x64
		Debug|x86 = Debug|x86
		Release|Any CPU = Release|Any CPU
		Release|x64 = Release|x64
		Release|x86 = Release|x86
	EndGlobalSection
	GlobalSection(ProjectConfigurationPlatforms) = postSolution
		{26878A53-F34F-49B4-8A7E-A645A54EAE0C}.Debug|Any CPU.ActiveCfg = Debug|Any CPU
		{26878A53-F34F-49B4-8A7E-A645A54EAE0C}.Debug|Any CPU.Build.0 = Debug|Any CPU
		{26878A53-F34F-49B4-8A7E-A645A54EAE0C}.Debug|x64.ActiveCfg = Debug|Any CPU
		{26878A53-F34F-49B4-8A7E-A645A54EAE0C}.Debug|x64.Build.0 = Debug|Any CPU
		{26878A53-F34F-49B4-8A7E-A645A54EAE0C}.Debug|x86.ActiveCfg = Debug|Any CPU
		{26878A53-F34F-49B4-8A7E-A645A54EAE0C}.Debug|x86.Build.0 = Debug|Any CPU
		{26878A53-F34F-49B4-8A7E-A645A54EAE0C}.Release|Any CPU.ActiveCfg = Release|Any CPU
		{26878A53-F34F-49B4-8A7E-A645A54EAE0C}.Release|Any CPU.Build.0 = Release|Any CPU
		{26878A53-F34F-49B4-8A7E-A645A54EAE0C}.Release|x64.ActiveCfg = Release|Any CPU
		{26878A53-F34F-49B4-8A7E-A645A54EAE0C}.Release|x64.Build.0 = Release|Any CPU
		{26878A53-F34F-49B4-8A7E-A645A54EAE0C}.Release|x86.ActiveCfg = Release|Any CPU
		{26878A53-F34F-49B4-8A7E-A645A54EAE0C}.Release|x86.Build.0 = Release|Any CPU
		{ABBA39FE-AAE2-4477-B273-4C586C8924CF}.Debug|Any CPU.ActiveCfg = Debug|Any CPU
		{ABBA39FE-AAE2-4477-B273-4C586C8924CF}.Debug|Any CPU.Build.0 = Debug|Any CPU
		{ABBA39FE-AAE2-4477-B273-4C586C8924CF}.Debug|x64.ActiveCfg = Debug|Any CPU
		{ABBA39FE-AAE2-4477-B273-4C586C8924CF}.Debug|x64.Build.0 = Debug|Any CPU
		{ABBA39FE-AAE2-4477-B273-4C586C8924CF}.Debug|x86.ActiveCfg = Debug|Any CPU
		{ABBA39FE-AAE2-4477-B273-4C586C8924CF}.Debug|x86.Build.0 = Debug|Any CPU
		{ABBA39FE-AAE2-4477-B273-4C586C8924CF}.Release|Any CPU.ActiveCfg = Release|Any CPU
		{ABBA39FE-AAE2-4477-B273-4C586C8924CF}.Release|Any CPU.Build.0 = Release|Any CPU
		{ABBA39FE-AAE2-4477-B273-4C586C8924CF}.Release|x64.ActiveCfg = Release|Any CPU
		{ABBA39FE-AAE2-4477-B273-4C586C8924CF}.Release|x64.Build.0 = Release|Any CPU
		{ABBA39FE-AAE2-4477-B273-4C586C8924CF}.Release|x86.ActiveCfg = Release|Any CPU
		{ABBA39FE-AAE2-4477-B273-4C586C8924CF}.Release|x86.Build.0 = Release|Any CPU
		{6C7B585B-49BF-4263-AEDD-31FF9AF3FCCE}.Debug|Any CPU.ActiveCfg = Debug|Any CPU
		{6C7B585B-49BF-4263-AEDD-31FF9AF3FCCE}.Debug|Any CPU.Build.0 = Debug|Any CPU
		{6C7B585B-49BF-4263-AEDD-31FF9AF3FCCE}.Debug|x64.ActiveCfg = Debug|Any CPU
		{6C7B585B-49BF-4263-AEDD-31FF9AF3FCCE}.Debug|x64.Build.0 = Debug|Any CPU
		{6C7B585B-49BF-4263-AEDD-31FF9AF3FCCE}.Debug|x86.ActiveCfg = Debug|Any CPU
		{6C7B585B-49BF-4263-AEDD-31FF9AF3FCCE}.Debug|x86.Build.0 = Debug|Any CPU
		{6C7B585B-49BF-4263-AEDD-31FF9AF3FCCE}.Release|Any CPU.ActiveCfg = Release|Any CPU
		{6C7B585B-49BF-4263-AEDD-31FF9AF3FCCE}.Release|Any CPU.Build.0 = Release|Any CPU
		{6C7B585B-49BF-4263-AEDD-31FF9AF3FCCE}.Release|x64.ActiveCfg = Release|Any CPU
		{6C7B585B-49BF-4263-AEDD-31FF9AF3FCCE}.Release|x64.Build.0 = Release|Any CPU
		{6C7B585B-49BF-4263-AEDD-31FF9AF3FCCE}.Release|x86.ActiveCfg = Release|Any CPU
		{6C7B585B-49BF-4263-AEDD-31FF9AF3FCCE}.Release|x86.Build.0 = Release|Any CPU
		{B4E00904-70DE-4919-B611-38ECF0A6E45C}.Debug|Any CPU.ActiveCfg = Debug|Any CPU
		{B4E00904-70DE-4919-B611-38ECF0A6E45C}.Debug|Any CPU.Build.0 = Debug|Any CPU
		{B4E00904-70DE-4919-B611-38ECF0A6E45C}.Debug|x64.ActiveCfg = Debug|Any CPU
		{B4E00904-70DE-4919-B611-38ECF0A6E45C}.Debug|x64.Build.0 = Debug|Any CPU
		{B4E00904-70DE-4919-B611-38ECF0A6E45C}.Debug|x86.ActiveCfg = Debug|Any CPU
		{B4E00904-70DE-4919-B611-38ECF0A6E45C}.Debug|x86.Build.0 = Debug|Any CPU
		{B4E00904-70DE-4919-B611-38ECF0A6E45C}.Release|Any CPU.ActiveCfg = Release|Any CPU
		{B4E00904-70DE-4919-B611-38ECF0A6E45C}.Release|Any CPU.Build.0 = Release|Any CPU
		{B4E00904-70DE-4919-B611-38ECF0A6E45C}.Release|x64.ActiveCfg = Release|Any CPU
		{B4E00904-70DE-4919-B611-38ECF0A6E45C}.Release|x64.Build.0 = Release|Any CPU
		{B4E00904-70DE-4919-B611-38ECF0A6E45C}.Release|x86.ActiveCfg = Release|Any CPU
		{B4E00904-70DE-4919-B611-38ECF0A6E45C}.Release|x86.Build.0 = Release|Any CPU
	EndGlobalSection
	GlobalSection(SolutionProperties) = preSolution
		HideSolutionNode = FALSE
	EndGlobalSection
	GlobalSection(ExtensibilityGlobals) = postSolution
		SolutionGuid = {720159F5-C201-4A98-BA30-E20EEF6633E8}
	EndGlobalSection
EndGlobal
